<?xml version="1.0" encoding="utf-8"?>
<Project ToolsVersion="4.0" xmlns="http://schemas.microsoft.com/developer/msbuild/2003">
  <ItemGroup>
    <Filter Include="win32">
      <UniqueIdentifier>{84a8ebd7-7cf0-47f6-b75e-d441df67da40}</UniqueIdentifier>
    </Filter>
    <Filter Include="Classes">
      <UniqueIdentifier>{bb6c862e-70e9-49d9-81b7-3829a6f50471}</UniqueIdentifier>
    </Filter>
    <Filter Include="Classes\filters">
      <UniqueIdentifier>{1a030292-41cd-4778-b2e7-1e618e35e391}</UniqueIdentifier>
    </Filter>
    <Filter Include="Classes\shaders">
      <UniqueIdentifier>{1e6e105e-7299-4d57-8a52-8e02cf5dd364}</UniqueIdentifier>
    </Filter>
    <Filter Include="Classes\nodes">
      <UniqueIdentifier>{19d98bd2-90ce-40ec-80d2-b80fabf2ea77}</UniqueIdentifier>
    </Filter>
  </ItemGroup>
  <ItemGroup>
    <ClCompile Include="main.cpp">
      <Filter>win32</Filter>
    </ClCompile>
    <ClCompile Include="..\Classes\AppDelegate.cpp">
      <Filter>Classes</Filter>
    </ClCompile>
    <ClCompile Include="..\Classes\VisibleRect.cpp">
      <Filter>Classes</Filter>
    </ClCompile>
    <ClCompile Include="..\Classes\FilterSample.cpp">
      <Filter>Classes</Filter>
    </ClCompile>
    <ClCompile Include="..\Classes\filters\CCFilter.cpp">
      <Filter>Classes\filters</Filter>
    </ClCompile>
    <ClCompile Include="..\Classes\shaders\ccFilterShaders.cpp">
      <Filter>Classes\shaders</Filter>
    </ClCompile>
    <ClCompile Include="..\Classes\nodes\CCFilteredSprite.cpp">
      <Filter>Classes\nodes</Filter>
    </ClCompile>
    <ClCompile Include="..\Classes\filters\CCGrayFilter.cpp">
      <Filter>Classes\filters</Filter>
    </ClCompile>
    <ClCompile Include="..\Classes\filters\CCBlurFilter.cpp">
      <Filter>Classes\filters</Filter>
    </ClCompile>
    <ClCompile Include="..\Classes\filters\CCMaskFilter.cpp">
      <Filter>Classes\filters</Filter>
    </ClCompile>
    <ClCompile Include="..\Classes\filters\CCSharpenFilter.cpp">
      <Filter>Classes\filters</Filter>
    </ClCompile>
    <ClCompile Include="..\Classes\filters\CCRGBFilter.cpp">
      <Filter>Classes\filters</Filter>
    </ClCompile>
    <ClCompile Include="..\Classes\filters\CCBrightnessFilter.cpp">
      <Filter>Classes\filters</Filter>
    </ClCompile>
    <ClCompile Include="..\Classes\filters\CCExposureFilter.cpp">
      <Filter>Classes\filters</Filter>
    </ClCompile>
    <ClCompile Include="..\Classes\filters\CCContrastFilter.cpp">
      <Filter>Classes\filters</Filter>
    </ClCompile>
    <ClCompile Include="..\Classes\filters\CCDropShadowFilter.cpp">
      <Filter>Classes\filters</Filter>
    </ClCompile>
    <ClCompile Include="..\Classes\filters\CCGammaFilter.cpp">
      <Filter>Classes\filters</Filter>
    </ClCompile>
    <ClCompile Include="..\Classes\filters\CCHazeFilter.cpp">
      <Filter>Classes\filters</Filter>
    </ClCompile>
    <ClCompile Include="..\Classes\filters\CCHueFilter.cpp">
      <Filter>Classes\filters</Filter>
    </ClCompile>
    <ClCompile Include="..\Classes\filters\CCSaturationFilter.cpp">
      <Filter>Classes\filters</Filter>
    </ClCompile>
    <ClCompile Include="..\Classes\filters\CCSepiaFilter.cpp">
      <Filter>Classes\filters</Filter>
    </ClCompile>
    <ClCompile Include="..\Classes\filters\CCTestFilter.cpp">
      <Filter>Classes\filters</Filter>
    </ClCompile>
  </ItemGroup>
  <ItemGroup>
    <ClInclude Include="main.h">
      <Filter>win32</Filter>
    </ClInclude>
    <ClInclude Include="..\Classes\AppDelegate.h">
      <Filter>Classes</Filter>
    </ClInclude>
    <ClInclude Include="..\Classes\VisibleRect.h">
      <Filter>Classes</Filter>
    </ClInclude>
    <ClInclude Include="..\Classes\FilterSample.h">
      <Filter>Classes</Filter>
    </ClInclude>
    <ClInclude Include="..\Classes\filters\CCFilter.h">
      <Filter>Classes\filters</Filter>
    </ClInclude>
    <ClInclude Include="..\Classes\shaders\ccFilterShaders.h">
      <Filter>Classes\shaders</Filter>
    </ClInclude>
    <ClInclude Include="..\Classes\nodes\CCFilteredSprite.h">
      <Filter>Classes\nodes</Filter>
    </ClInclude>
    <ClInclude Include="..\Classes\filters\CCGrayFilter.h">
      <Filter>Classes\filters</Filter>
    </ClInclude>
    <ClInclude Include="..\Classes\cocos2dFilters.h">
      <Filter>Classes</Filter>
    </ClInclude>
    <ClInclude Include="..\Classes\filters\CCBlurFilter.h">
      <Filter>Classes\filters</Filter>
    </ClInclude>
    <ClInclude Include="..\Classes\filters\CCMaskFilter.h">
      <Filter>Classes\filters</Filter>
    </ClInclude>
    <ClInclude Include="..\Classes\filters\CCSharpenFilter.h">
      <Filter>Classes\filters</Filter>
    </ClInclude>
    <ClInclude Include="..\Classes\filters\CCRGBFilter.h">
      <Filter>Classes\filters</Filter>
    </ClInclude>
    <ClInclude Include="..\Classes\filters\CCBrightnessFilter.h">
      <Filter>Classes\filters</Filter>
    </ClInclude>
    <ClInclude Include="..\Classes\filters\CCExposureFilter.h">
      <Filter>Classes\filters</Filter>
    </ClInclude>
    <ClInclude Include="..\Classes\filters\CCContrastFilter.h">
      <Filter>Classes\filters</Filter>
    </ClInclude>
    <ClInclude Include="..\Classes\filters\CCDropShadowFilter.h">
      <Filter>Classes\filters</Filter>
    </ClInclude>
    <ClInclude Include="..\Classes\filters\CCGammaFilter.h">
      <Filter>Classes\filters</Filter>
    </ClInclude>
    <ClInclude Include="..\Classes\filters\CCHazeFilter.h">
      <Filter>Classes\filters</Filter>
    </ClInclude>
    <ClInclude Include="..\Classes\filters\CCHueFilter.h">
      <Filter>Classes\filters</Filter>
    </ClInclude>
    <ClInclude Include="..\Classes\filters\CCSaturationFilter.h">
      <Filter>Classes\filters</Filter>
    </ClInclude>
    <ClInclude Include="..\Classes\filters\CCSepiaFilter.h">
      <Filter>Classes\filters</Filter>
    </ClInclude>
    <ClInclude Include="..\Classes\filters\CCTestFilter.h">
      <Filter>Classes\filters</Filter>
    </ClInclude>
  </ItemGroup>
</Project>